// !$*UTF8*$!
{
	archiveVersion = 1;
	classes = {
	};
	objectVersion = 55;
	objects = {

/* Begin PBXBuildFile section */
		64B172B42B08FBC900C2468B /* Usuario.swift in Sources */ = {isa = PBXBuildFile; fileRef = 64B172B32B08FBC900C2468B /* Usuario.swift */; };
		64B172B62B09128400C2468B /* RegistrarseViewController.swift in Sources */ = {isa = PBXBuildFile; fileRef = 64B172B52B09128400C2468B /* RegistrarseViewController.swift */; };
		64D942D42B041B140081C86B /* SnapsViewController.swift in Sources */ = {isa = PBXBuildFile; fileRef = 64D942D32B041B140081C86B /* SnapsViewController.swift */; };
		64D942D62B04211A0081C86B /* ImagenViewController.swift in Sources */ = {isa = PBXBuildFile; fileRef = 64D942D52B04211A0081C86B /* ImagenViewController.swift */; };
		64D942D92B042AC90081C86B /* FirebaseDatabase in Frameworks */ = {isa = PBXBuildFile; productRef = 64D942D82B042AC90081C86B /* FirebaseDatabase */; };
		64D942DB2B042AD40081C86B /* FirebaseStorage in Frameworks */ = {isa = PBXBuildFile; productRef = 64D942DA2B042AD40081C86B /* FirebaseStorage */; };
		64D942DF2B0436390081C86B /* ElegirUsuarioViewController.swift in Sources */ = {isa = PBXBuildFile; fileRef = 64D942DE2B0436390081C86B /* ElegirUsuarioViewController.swift */; };
		64DB5EC72AFADB6000F39D49 /* AppDelegate.swift in Sources */ = {isa = PBXBuildFile; fileRef = 64DB5EC62AFADB6000F39D49 /* AppDelegate.swift */; };
		64DB5EC92AFADB6000F39D49 /* SceneDelegate.swift in Sources */ = {isa = PBXBuildFile; fileRef = 64DB5EC82AFADB6000F39D49 /* SceneDelegate.swift */; };
		64DB5ECB2AFADB6000F39D49 /* iniciarSesionViewController.swift in Sources */ = {isa = PBXBuildFile; fileRef = 64DB5ECA2AFADB6000F39D49 /* iniciarSesionViewController.swift */; };
		64DB5ECE2AFADB6000F39D49 /* Main.storyboard in Resources */ = {isa = PBXBuildFile; fileRef = 64DB5ECC2AFADB6000F39D49 /* Main.storyboard */; };
		64DB5ED02AFADB6400F39D49 /* Assets.xcassets in Resources */ = {isa = PBXBuildFile; fileRef = 64DB5ECF2AFADB6400F39D49 /* Assets.xcassets */; };
		64DB5ED32AFADB6400F39D49 /* LaunchScreen.storyboard in Resources */ = {isa = PBXBuildFile; fileRef = 64DB5ED12AFADB6400F39D49 /* LaunchScreen.storyboard */; };
		64DB5EDE2AFAE6FF00F39D49 /* FirebaseAnalytics in Frameworks */ = {isa = PBXBuildFile; productRef = 64DB5EDD2AFAE6FF00F39D49 /* FirebaseAnalytics */; };
		64DB5EE02AFAE6FF00F39D49 /* FirebaseAnalyticsWithoutAdIdSupport in Frameworks */ = {isa = PBXBuildFile; productRef = 64DB5EDF2AFAE6FF00F39D49 /* FirebaseAnalyticsWithoutAdIdSupport */; };
		64DB5EE22AFAE6FF00F39D49 /* FirebaseAuth in Frameworks */ = {isa = PBXBuildFile; productRef = 64DB5EE12AFAE6FF00F39D49 /* FirebaseAuth */; };
		64DB5EE72AFAF8FA00F39D49 /* GoogleSignIn in Frameworks */ = {isa = PBXBuildFile; productRef = 64DB5EE62AFAF8FA00F39D49 /* GoogleSignIn */; };
		64DB5EE92AFAF8FA00F39D49 /* GoogleSignInSwift in Frameworks */ = {isa = PBXBuildFile; productRef = 64DB5EE82AFAF8FA00F39D49 /* GoogleSignInSwift */; };
		64DB5EEB2AFAF9C400F39D49 /* GoogleService-Info.plist in Resources */ = {isa = PBXBuildFile; fileRef = 64DB5EEA2AFAF9C400F39D49 /* GoogleService-Info.plist */; };
/* End PBXBuildFile section */

/* Begin PBXFileReference section */
		64B172B32B08FBC900C2468B /* Usuario.swift */ = {isa = PBXFileReference; lastKnownFileType = sourcecode.swift; path = Usuario.swift; sourceTree = "<group>"; };
		64B172B52B09128400C2468B /* RegistrarseViewController.swift */ = {isa = PBXFileReference; lastKnownFileType = sourcecode.swift; path = RegistrarseViewController.swift; sourceTree = "<group>"; };
		64D942D32B041B140081C86B /* SnapsViewController.swift */ = {isa = PBXFileReference; lastKnownFileType = sourcecode.swift; path = SnapsViewController.swift; sourceTree = "<group>"; };
		64D942D52B04211A0081C86B /* ImagenViewController.swift */ = {isa = PBXFileReference; lastKnownFileType = sourcecode.swift; path = ImagenViewController.swift; sourceTree = "<group>"; };
		64D942DE2B0436390081C86B /* ElegirUsuarioViewController.swift */ = {isa = PBXFileReference; lastKnownFileType = sourcecode.swift; path = ElegirUsuarioViewController.swift; sourceTree = "<group>"; };
		64DB5EC32AFADB6000F39D49 /* AndradeSnapchat.app */ = {isa = PBXFileReference; explicitFileType = wrapper.application; includeInIndex = 0; path = AndradeSnapchat.app; sourceTree = BUILT_PRODUCTS_DIR; };
		64DB5EC62AFADB6000F39D49 /* AppDelegate.swift */ = {isa = PBXFileReference; lastKnownFileType = sourcecode.swift; path = AppDelegate.swift; sourceTree = "<group>"; };
		64DB5EC82AFADB6000F39D49 /* SceneDelegate.swift */ = {isa = PBXFileReference; lastKnownFileType = sourcecode.swift; path = SceneDelegate.swift; sourceTree = "<group>"; };
		64DB5ECA2AFADB6000F39D49 /* iniciarSesionViewController.swift */ = {isa = PBXFileReference; lastKnownFileType = sourcecode.swift; path = iniciarSesionViewController.swift; sourceTree = "<group>"; };
		64DB5ECD2AFADB6000F39D49 /* Base */ = {isa = PBXFileReference; lastKnownFileType = file.storyboard; name = Base; path = Base.lproj/Main.storyboard; sourceTree = "<group>"; };
		64DB5ECF2AFADB6400F39D49 /* Assets.xcassets */ = {isa = PBXFileReference; lastKnownFileType = folder.assetcatalog; path = Assets.xcassets; sourceTree = "<group>"; };
		64DB5ED22AFADB6400F39D49 /* Base */ = {isa = PBXFileReference; lastKnownFileType = file.storyboard; name = Base; path = Base.lproj/LaunchScreen.storyboard; sourceTree = "<group>"; };
		64DB5ED42AFADB6400F39D49 /* Info.plist */ = {isa = PBXFileReference; lastKnownFileType = text.plist.xml; path = Info.plist; sourceTree = "<group>"; };
		64DB5EEA2AFAF9C400F39D49 /* GoogleService-Info.plist */ = {isa = PBXFileReference; fileEncoding = 4; lastKnownFileType = text.plist.xml; path = "GoogleService-Info.plist"; sourceTree = "<group>"; };
/* End PBXFileReference section */

/* Begin PBXFrameworksBuildPhase section */
		64DB5EC02AFADB6000F39D49 /* Frameworks */ = {
			isa = PBXFrameworksBuildPhase;
			buildActionMask = 2147483647;
			files = (
				64D942D92B042AC90081C86B /* FirebaseDatabase in Frameworks */,
				64DB5EE92AFAF8FA00F39D49 /* GoogleSignInSwift in Frameworks */,
				64DB5EDE2AFAE6FF00F39D49 /* FirebaseAnalytics in Frameworks */,
				64DB5EE72AFAF8FA00F39D49 /* GoogleSignIn in Frameworks */,
				64D942DB2B042AD40081C86B /* FirebaseStorage in Frameworks */,
				64DB5EE22AFAE6FF00F39D49 /* FirebaseAuth in Frameworks */,
				64DB5EE02AFAE6FF00F39D49 /* FirebaseAnalyticsWithoutAdIdSupport in Frameworks */,
			);
			runOnlyForDeploymentPostprocessing = 0;
		};
/* End PBXFrameworksBuildPhase section */

/* Begin PBXGroup section */
		64B172B12B08FB5E00C2468B /* ViewControllers */ = {
			isa = PBXGroup;
			children = (
				64D942DE2B0436390081C86B /* ElegirUsuarioViewController.swift */,
				64DB5ECA2AFADB6000F39D49 /* iniciarSesionViewController.swift */,
				64D942D52B04211A0081C86B /* ImagenViewController.swift */,
				64D942D32B041B140081C86B /* SnapsViewController.swift */,
				64B172B52B09128400C2468B /* RegistrarseViewController.swift */,
			);
			path = ViewControllers;
			sourceTree = "<group>";
		};
		64B172B22B08FBA200C2468B /* Modelos */ = {
			isa = PBXGroup;
			children = (
				64B172B32B08FBC900C2468B /* Usuario.swift */,
			);
			path = Modelos;
			sourceTree = "<group>";
		};
		64D942D72B042AC90081C86B /* Frameworks */ = {
			isa = PBXGroup;
			children = (
			);
			name = Frameworks;
			sourceTree = "<group>";
		};
		64DB5EBA2AFADB6000F39D49 = {
			isa = PBXGroup;
			children = (
				64DB5EC52AFADB6000F39D49 /* AndradeSnapchat */,
				64DB5EC42AFADB6000F39D49 /* Products */,
				64D942D72B042AC90081C86B /* Frameworks */,
			);
			sourceTree = "<group>";
		};
		64DB5EC42AFADB6000F39D49 /* Products */ = {
			isa = PBXGroup;
			children = (
				64DB5EC32AFADB6000F39D49 /* AndradeSnapchat.app */,
			);
			name = Products;
			sourceTree = "<group>";
		};
		64DB5EC52AFADB6000F39D49 /* AndradeSnapchat */ = {
			isa = PBXGroup;
			children = (
				64B172B22B08FBA200C2468B /* Modelos */,
				64B172B12B08FB5E00C2468B /* ViewControllers */,
				64DB5EC62AFADB6000F39D49 /* AppDelegate.swift */,
				64DB5EC82AFADB6000F39D49 /* SceneDelegate.swift */,
				64DB5ECC2AFADB6000F39D49 /* Main.storyboard */,
				64DB5ECF2AFADB6400F39D49 /* Assets.xcassets */,
				64DB5ED12AFADB6400F39D49 /* LaunchScreen.storyboard */,
				64DB5ED42AFADB6400F39D49 /* Info.plist */,
				64DB5EEA2AFAF9C400F39D49 /* GoogleService-Info.plist */,
			);
			path = AndradeSnapchat;
			sourceTree = "<group>";
		};
/* End PBXGroup section */

/* Begin PBXNativeTarget section */
		64DB5EC22AFADB6000F39D49 /* AndradeSnapchat */ = {
			isa = PBXNativeTarget;
			buildConfigurationList = 64DB5ED72AFADB6400F39D49 /* Build configuration list for PBXNativeTarget "AndradeSnapchat" */;
			buildPhases = (
				64DB5EBF2AFADB6000F39D49 /* Sources */,
				64DB5EC02AFADB6000F39D49 /* Frameworks */,
				64DB5EC12AFADB6000F39D49 /* Resources */,
			);
			buildRules = (
			);
			dependencies = (
			);
			name = AndradeSnapchat;
			packageProductDependencies = (
				64DB5EDD2AFAE6FF00F39D49 /* FirebaseAnalytics */,
				64DB5EDF2AFAE6FF00F39D49 /* FirebaseAnalyticsWithoutAdIdSupport */,
				64DB5EE12AFAE6FF00F39D49 /* FirebaseAuth */,
				64DB5EE62AFAF8FA00F39D49 /* GoogleSignIn */,
				64DB5EE82AFAF8FA00F39D49 /* GoogleSignInSwift */,
				64D942D82B042AC90081C86B /* FirebaseDatabase */,
				64D942DA2B042AD40081C86B /* FirebaseStorage */,
			);
			productName = AndradeSnapchat;
			productReference = 64DB5EC32AFADB6000F39D49 /* AndradeSnapchat.app */;
			productType = "com.apple.product-type.application";
		};
/* End PBXNativeTarget section */

/* Begin PBXProject section */
		64DB5EBB2AFADB6000F39D49 /* Project object */ = {
			isa = PBXProject;
			attributes = {
				BuildIndependentTargetsInParallel = 1;
				LastSwiftUpdateCheck = 1330;
				LastUpgradeCheck = 1330;
				TargetAttributes = {
					64DB5EC22AFADB6000F39D49 = {
						CreatedOnToolsVersion = 13.3;
					};
				};
			};
			buildConfigurationList = 64DB5EBE2AFADB6000F39D49 /* Build configuration list for PBXProject "AndradeSnapchat" */;
			compatibilityVersion = "Xcode 13.0";
			developmentRegion = en;
			hasScannedForEncodings = 0;
			knownRegions = (
				en,
				Base,
			);
			mainGroup = 64DB5EBA2AFADB6000F39D49;
			packageReferences = (
				64DB5EDC2AFAE6FF00F39D49 /* XCRemoteSwiftPackageReference "firebase-ios-sdk" */,
				64DB5EE52AFAF8FA00F39D49 /* XCRemoteSwiftPackageReference "GoogleSignIn-iOS" */,
			);
			productRefGroup = 64DB5EC42AFADB6000F39D49 /* Products */;
			projectDirPath = "";
			projectRoot = "";
			targets = (
				64DB5EC22AFADB6000F39D49 /* AndradeSnapchat */,
			);
		};
/* End PBXProject section */

/* Begin PBXResourcesBuildPhase section */
		64DB5EC12AFADB6000F39D49 /* Resources */ = {
			isa = PBXResourcesBuildPhase;
			buildActionMask = 2147483647;
			files = (
				64DB5ED32AFADB6400F39D49 /* LaunchScreen.storyboard in Resources */,
				64DB5EEB2AFAF9C400F39D49 /* GoogleService-Info.plist in Resources */,
				64DB5ED02AFADB6400F39D49 /* Assets.xcassets in Resources */,
				64DB5ECE2AFADB6000F39D49 /* Main.storyboard in Resources */,
			);
			runOnlyForDeploymentPostprocessing = 0;
		};
/* End PBXResourcesBuildPhase section */

/* Begin PBXSourcesBuildPhase section */
		64DB5EBF2AFADB6000F39D49 /* Sources */ = {
			isa = PBXSourcesBuildPhase;
			buildActionMask = 2147483647;
			files = (
				64D942D42B041B140081C86B /* SnapsViewController.swift in Sources */,
				64D942D62B04211A0081C86B /* ImagenViewController.swift in Sources */,
				64B172B42B08FBC900C2468B /* Usuario.swift in Sources */,
				64DB5ECB2AFADB6000F39D49 /* iniciarSesionViewController.swift in Sources */,
				64B172B62B09128400C2468B /* RegistrarseViewController.swift in Sources */,
				64DB5EC72AFADB6000F39D49 /* AppDelegate.swift in Sources */,
				64DB5EC92AFADB6000F39D49 /* SceneDelegate.swift in Sources */,
				64D942DF2B0436390081C86B /* ElegirUsuarioViewController.swift in Sources */,
			);
			runOnlyForDeploymentPostprocessing = 0;
		};
/* End PBXSourcesBuildPhase section */

/* Begin PBXVariantGroup section */
		64DB5ECC2AFADB6000F39D49 /* Main.storyboard */ = {
			isa = PBXVariantGroup;
			children = (
				64DB5ECD2AFADB6000F39D49 /* Base */,
			);
			name = Main.storyboard;
			sourceTree = "<group>";
		};
		64DB5ED12AFADB6400F39D49 /* LaunchScreen.storyboard */ = {
			isa = PBXVariantGroup;
			children = (
				64DB5ED22AFADB6400F39D49 /* Base */,
			);
			name = LaunchScreen.storyboard;
			sourceTree = "<group>";
		};
/* End PBXVariantGroup section */

/* Begin XCBuildConfiguration section */
		64DB5ED52AFADB6400F39D49 /* Debug */ = {
			isa = XCBuildConfiguration;
			buildSettings = {
				ALWAYS_SEARCH_USER_PATHS = NO;
				CLANG_ANALYZER_NONNULL = YES;
				CLANG_ANALYZER_NUMBER_OBJECT_CONVERSION = YES_AGGRESSIVE;
				CLANG_CXX_LANGUAGE_STANDARD = "gnu++17";
				CLANG_ENABLE_MODULES = YES;
				CLANG_ENABLE_OBJC_ARC = YES;
				CLANG_ENABLE_OBJC_WEAK = YES;
				CLANG_WARN_BLOCK_CAPTURE_AUTORELEASING = YES;
				CLANG_WARN_BOOL_CONVERSION = YES;
				CLANG_WARN_COMMA = YES;
				CLANG_WARN_CONSTANT_CONVERSION = YES;
				CLANG_WARN_DEPRECATED_OBJC_IMPLEMENTATIONS = YES;
				CLANG_WARN_DIRECT_OBJC_ISA_USAGE = YES_ERROR;
				CLANG_WARN_DOCUMENTATION_COMMENTS = YES;
				CLANG_WARN_EMPTY_BODY = YES;
				CLANG_WARN_ENUM_CONVERSION = YES;
				CLANG_WARN_INFINITE_RECURSION = YES;
				CLANG_WARN_INT_CONVERSION = YES;
				CLANG_WARN_NON_LITERAL_NULL_CONVERSION = YES;
				CLANG_WARN_OBJC_IMPLICIT_RETAIN_SELF = YES;
				CLANG_WARN_OBJC_LITERAL_CONVERSION = YES;
				CLANG_WARN_OBJC_ROOT_CLASS = YES_ERROR;
				CLANG_WARN_QUOTED_INCLUDE_IN_FRAMEWORK_HEADER = YES;
				CLANG_WARN_RANGE_LOOP_ANALYSIS = YES;
				CLANG_WARN_STRICT_PROTOTYPES = YES;
				CLANG_WARN_SUSPICIOUS_MOVE = YES;
				CLANG_WARN_UNGUARDED_AVAILABILITY = YES_AGGRESSIVE;
				CLANG_WARN_UNREACHABLE_CODE = YES;
				CLANG_WARN__DUPLICATE_METHOD_MATCH = YES;
				COPY_PHASE_STRIP = NO;
				DEBUG_INFORMATION_FORMAT = dwarf;
				ENABLE_STRICT_OBJC_MSGSEND = YES;
				ENABLE_TESTABILITY = YES;
				GCC_C_LANGUAGE_STANDARD = gnu11;
				GCC_DYNAMIC_NO_PIC = NO;
				GCC_NO_COMMON_BLOCKS = YES;
				GCC_OPTIMIZATION_LEVEL = 0;
				GCC_PREPROCESSOR_DEFINITIONS = (
					"DEBUG=1",
					"$(inherited)",
				);
				GCC_WARN_64_TO_32_BIT_CONVERSION = YES;
				GCC_WARN_ABOUT_RETURN_TYPE = YES_ERROR;
				GCC_WARN_UNDECLARED_SELECTOR = YES;
				GCC_WARN_UNINITIALIZED_AUTOS = YES_AGGRESSIVE;
				GCC_WARN_UNUSED_FUNCTION = YES;
				GCC_WARN_UNUSED_VARIABLE = YES;
				IPHONEOS_DEPLOYMENT_TARGET = 15.4;
				MTL_ENABLE_DEBUG_INFO = INCLUDE_SOURCE;
				MTL_FAST_MATH = YES;
				ONLY_ACTIVE_ARCH = YES;
				SDKROOT = iphoneos;
				SWIFT_ACTIVE_COMPILATION_CONDITIONS = DEBUG;
				SWIFT_OPTIMIZATION_LEVEL = "-Onone";
			};
			name = Debug;
		};
		64DB5ED62AFADB6400F39D49 /* Release */ = {
			isa = XCBuildConfiguration;
			buildSettings = {
				ALWAYS_SEARCH_USER_PATHS = NO;
				CLANG_ANALYZER_NONNULL = YES;
				CLANG_ANALYZER_NUMBER_OBJECT_CONVERSION = YES_AGGRESSIVE;
				CLANG_CXX_LANGUAGE_STANDARD = "gnu++17";
				CLANG_ENABLE_MODULES = YES;
				CLANG_ENABLE_OBJC_ARC = YES;
				CLANG_ENABLE_OBJC_WEAK = YES;
				CLANG_WARN_BLOCK_CAPTURE_AUTORELEASING = YES;
				CLANG_WARN_BOOL_CONVERSION = YES;
				CLANG_WARN_COMMA = YES;
				CLANG_WARN_CONSTANT_CONVERSION = YES;
				CLANG_WARN_DEPRECATED_OBJC_IMPLEMENTATIONS = YES;
				CLANG_WARN_DIRECT_OBJC_ISA_USAGE = YES_ERROR;
				CLANG_WARN_DOCUMENTATION_COMMENTS = YES;
				CLANG_WARN_EMPTY_BODY = YES;
				CLANG_WARN_ENUM_CONVERSION = YES;
				CLANG_WARN_INFINITE_RECURSION = YES;
				CLANG_WARN_INT_CONVERSION = YES;
				CLANG_WARN_NON_LITERAL_NULL_CONVERSION = YES;
				CLANG_WARN_OBJC_IMPLICIT_RETAIN_SELF = YES;
				CLANG_WARN_OBJC_LITERAL_CONVERSION = YES;
				CLANG_WARN_OBJC_ROOT_CLASS = YES_ERROR;
				CLANG_WARN_QUOTED_INCLUDE_IN_FRAMEWORK_HEADER = YES;
				CLANG_WARN_RANGE_LOOP_ANALYSIS = YES;
				CLANG_WARN_STRICT_PROTOTYPES = YES;
				CLANG_WARN_SUSPICIOUS_MOVE = YES;
				CLANG_WARN_UNGUARDED_AVAILABILITY = YES_AGGRESSIVE;
				CLANG_WARN_UNREACHABLE_CODE = YES;
				CLANG_WARN__DUPLICATE_METHOD_MATCH = YES;
				COPY_PHASE_STRIP = NO;
				DEBUG_INFORMATION_FORMAT = "dwarf-with-dsym";
				ENABLE_NS_ASSERTIONS = NO;
				ENABLE_STRICT_OBJC_MSGSEND = YES;
				GCC_C_LANGUAGE_STANDARD = gnu11;
				GCC_NO_COMMON_BLOCKS = YES;
				GCC_WARN_64_TO_32_BIT_CONVERSION = YES;
				GCC_WARN_ABOUT_RETURN_TYPE = YES_ERROR;
				GCC_WARN_UNDECLARED_SELECTOR = YES;
				GCC_WARN_UNINITIALIZED_AUTOS = YES_AGGRESSIVE;
				GCC_WARN_UNUSED_FUNCTION = YES;
				GCC_WARN_UNUSED_VARIABLE = YES;
				IPHONEOS_DEPLOYMENT_TARGET = 15.4;
				MTL_ENABLE_DEBUG_INFO = NO;
				MTL_FAST_MATH = YES;
				SDKROOT = iphoneos;
				SWIFT_COMPILATION_MODE = wholemodule;
				SWIFT_OPTIMIZATION_LEVEL = "-O";
				VALIDATE_PRODUCT = YES;
			};
			name = Release;
		};
		64DB5ED82AFADB6400F39D49 /* Debug */ = {
			isa = XCBuildConfiguration;
			buildSettings = {
				ASSETCATALOG_COMPILER_APPICON_NAME = AppIcon;
				ASSETCATALOG_COMPILER_GLOBAL_ACCENT_COLOR_NAME = AccentColor;
				CODE_SIGN_STYLE = Automatic;
				CURRENT_PROJECT_VERSION = 1;
				GENERATE_INFOPLIST_FILE = YES;
				INFOPLIST_FILE = AndradeSnapchat/Info.plist;
				INFOPLIST_KEY_UIApplicationSupportsIndirectInputEvents = YES;
				INFOPLIST_KEY_UILaunchStoryboardName = LaunchScreen;
				INFOPLIST_KEY_UIMainStoryboardFile = Main;
				INFOPLIST_KEY_UISupportedInterfaceOrientations_iPad = "UIInterfaceOrientationPortrait UIInterfaceOrientationPortraitUpsideDown UIInterfaceOrientationLandscapeLeft UIInterfaceOrientationLandscapeRight";
				INFOPLIST_KEY_UISupportedInterfaceOrientations_iPhone = "UIInterfaceOrientationPortrait UIInterfaceOrientationLandscapeLeft UIInterfaceOrientationLandscapeRight";
				LD_RUNPATH_SEARCH_PATHS = (
					"$(inherited)",
					"@executable_path/Frameworks",
				);
				MARKETING_VERSION = 1.0;
				PRODUCT_BUNDLE_IDENTIFIER = empresa.AndradeSnapchat;
				PRODUCT_NAME = "$(TARGET_NAME)";
				SWIFT_EMIT_LOC_STRINGS = YES;
				SWIFT_VERSION = 5.0;
				TARGETED_DEVICE_FAMILY = "1,2";
			};
			name = Debug;
		};
		64DB5ED92AFADB6400F39D49 /* Release */ = {
			isa = XCBuildConfiguration;
			buildSettings = {
				ASSETCATALOG_COMPILER_APPICON_NAME = AppIcon;
				ASSETCATALOG_COMPILER_GLOBAL_ACCENT_COLOR_NAME = AccentColor;
				CODE_SIGN_STYLE = Automatic;
				CURRENT_PROJECT_VERSION = 1;
				GENERATE_INFOPLIST_FILE = YES;
				INFOPLIST_FILE = AndradeSnapchat/Info.plist;
				INFOPLIST_KEY_UIApplicationSupportsIndirectInputEvents = YES;
				INFOPLIST_KEY_UILaunchStoryboardName = LaunchScreen;
				INFOPLIST_KEY_UIMainStoryboardFile = Main;
				INFOPLIST_KEY_UISupportedInterfaceOrientations_iPad = "UIInterfaceOrientationPortrait UIInterfaceOrientationPortraitUpsideDown UIInterfaceOrientationLandscapeLeft UIInterfaceOrientationLandscapeRight";
				INFOPLIST_KEY_UISupportedInterfaceOrientations_iPhone = "UIInterfaceOrientationPortrait UIInterfaceOrientationLandscapeLeft UIInterfaceOrientationLandscapeRight";
				LD_RUNPATH_SEARCH_PATHS = (
					"$(inherited)",
					"@executable_path/Frameworks",
				);
				MARKETING_VERSION = 1.0;
				PRODUCT_BUNDLE_IDENTIFIER = empresa.AndradeSnapchat;
				PRODUCT_NAME = "$(TARGET_NAME)";
				SWIFT_EMIT_LOC_STRINGS = YES;
				SWIFT_VERSION = 5.0;
				TARGETED_DEVICE_FAMILY = "1,2";
			};
			name = Release;
		};
/* End XCBuildConfiguration section */

/* Begin XCConfigurationList section */
		64DB5EBE2AFADB6000F39D49 /* Build configuration list for PBXProject "AndradeSnapchat" */ = {
			isa = XCConfigurationList;
			buildConfigurations = (
				64DB5ED52AFADB6400F39D49 /* Debug */,
				64DB5ED62AFADB6400F39D49 /* Release */,
			);
			defaultConfigurationIsVisible = 0;
			defaultConfigurationName = Release;
		};
		64DB5ED72AFADB6400F39D49 /* Build configuration list for PBXNativeTarget "AndradeSnapchat" */ = {
			isa = XCConfigurationList;
			buildConfigurations = (
				64DB5ED82AFADB6400F39D49 /* Debug */,
				64DB5ED92AFADB6400F39D49 /* Release */,
			);
			defaultConfigurationIsVisible = 0;
			defaultConfigurationName = Release;
		};
/* End XCConfigurationList section */

/* Begin XCRemoteSwiftPackageReference section */
		64DB5EDC2AFAE6FF00F39D49 /* XCRemoteSwiftPackageReference "firebase-ios-sdk" */ = {
			isa = XCRemoteSwiftPackageReference;
			repositoryURL = "https://github.com/firebase/firebase-ios-sdk";
			requirement = {
				kind = upToNextMajorVersion;
				minimumVersion = 9.0.0;
			};
		};
		64DB5EE52AFAF8FA00F39D49 /* XCRemoteSwiftPackageReference "GoogleSignIn-iOS" */ = {
			isa = XCRemoteSwiftPackageReference;
			repositoryURL = "https://github.com/google/GoogleSignIn-iOS";
			requirement = {
				kind = upToNextMajorVersion;
				minimumVersion = 7.0.0;
			};
		};
/* End XCRemoteSwiftPackageReference section */

/* Begin XCSwiftPackageProductDependency section */
		64D942D82B042AC90081C86B /* FirebaseDatabase */ = {
			isa = XCSwiftPackageProductDependency;
			package = 64DB5EDC2AFAE6FF00F39D49 /* XCRemoteSwiftPackageReference "firebase-ios-sdk" */;
			productName = FirebaseDatabase;
		};
		64D942DA2B042AD40081C86B /* FirebaseStorage */ = {
			isa = XCSwiftPackageProductDependency;
			package = 64DB5EDC2AFAE6FF00F39D49 /* XCRemoteSwiftPackageReference "firebase-ios-sdk" */;
			productName = FirebaseStorage;
		};
		64DB5EDD2AFAE6FF00F39D49 /* FirebaseAnalytics */ = {
			isa = XCSwiftPackageProductDependency;
			package = 64DB5EDC2AFAE6FF00F39D49 /* XCRemoteSwiftPackageReference "firebase-ios-sdk" */;
			productName = FirebaseAnalytics;
		};
		64DB5EDF2AFAE6FF00F39D49 /* FirebaseAnalyticsWithoutAdIdSupport */ = {
			isa = XCSwiftPackageProductDependency;
			package = 64DB5EDC2AFAE6FF00F39D49 /* XCRemoteSwiftPackageReference "firebase-ios-sdk" */;
			productName = FirebaseAnalyticsWithoutAdIdSupport;
		};
		64DB5EE12AFAE6FF00F39D49 /* FirebaseAuth */ = {
			isa = XCSwiftPackageProductDependency;
			package = 64DB5EDC2AFAE6FF00F39D49 /* XCRemoteSwiftPackageReference "firebase-ios-sdk" */;
			productName = FirebaseAuth;
		};
		64DB5EE62AFAF8FA00F39D49 /* GoogleSignIn */ = {
			isa = XCSwiftPackageProductDependency;
			package = 64DB5EE52AFAF8FA00F39D49 /* XCRemoteSwiftPackageReference "GoogleSignIn-iOS" */;
			productName = GoogleSignIn;
		};
		64DB5EE82AFAF8FA00F39D49 /* GoogleSignInSwift */ = {
			isa = XCSwiftPackageProductDependency;
			package = 64DB5EE52AFAF8FA00F39D49 /* XCRemoteSwiftPackageReference "GoogleSignIn-iOS" */;
			productName = GoogleSignInSwift;
		};
/* End XCSwiftPackageProductDependency section */
	};
	rootObject = 64DB5EBB2AFADB6000F39D49 /* Project object */;
}
